<?xml version="1.0" encoding="utf-8"?>
<Project ToolsVersion="4.0" xmlns="http://schemas.microsoft.com/developer/msbuild/2003">
  <ItemGroup>
    <Filter Include="Source Files">
      <UniqueIdentifier>{4FC737F1-C7A5-4376-A066-2A32D752A2FF}</UniqueIdentifier>
      <Extensions>cpp;c;cc;cxx;def;odl;idl;hpj;bat;asm;asmx</Extensions>
    </Filter>
    <Filter Include="Header Files">
      <UniqueIdentifier>{93995380-89BD-4b04-88EB-625FBE52EBFB}</UniqueIdentifier>
      <Extensions>h;hh;hpp;hxx;hm;inl;inc;ipp;xsd</Extensions>
    </Filter>
    <Filter Include="Resource Files">
      <UniqueIdentifier>{67DA6AB6-F800-4c08-8B7A-83BB121AAD01}</UniqueIdentifier>
      <Extensions>rc;ico;cur;bmp;dlg;rc2;rct;bin;rgs;gif;jpg;jpeg;jpe;resx;tiff;tif;png;wav;mfcribbon-ms</Extensions>
    </Filter>
    <Filter Include="Header Files\include">
      <UniqueIdentifier>{e7b9e147-5bce-4370-8cc9-ea9d028e063b}</UniqueIdentifier>
    </Filter>
    <Filter Include="Header Files\util">
      <UniqueIdentifier>{4893dc1f-1fab-4b9d-ab52-c7ed3db5fced}</UniqueIdentifier>
    </Filter>
    <Filter Include="Header Files\Source SDK">
      <UniqueIdentifier>{3992dc1b-345c-4a1d-bd50-6d847642c7d4}</UniqueIdentifier>
    </Filter>
    <Filter Include="Header Files\Source SDK\appframework">
      <UniqueIdentifier>{260125ce-a5d0-4ef6-8513-dcd837f0b4bd}</UniqueIdentifier>
    </Filter>
    <Filter Include="Header Files\Source SDK\engine">
      <UniqueIdentifier>{9d205c15-0e88-4771-b4ae-862922cff710}</UniqueIdentifier>
    </Filter>
    <Filter Include="Header Files\Source SDK\mathlib">
      <UniqueIdentifier>{80fa45cf-599b-4abb-b677-1f318534f500}</UniqueIdentifier>
    </Filter>
    <Filter Include="Header Files\Source SDK\server">
      <UniqueIdentifier>{7ab75cbe-3f62-496f-8467-0cacf051061b}</UniqueIdentifier>
    </Filter>
    <Filter Include="Header Files\Source SDK\tier0">
      <UniqueIdentifier>{87dbdbd0-7478-44cf-aac2-46f9c48e9bd2}</UniqueIdentifier>
    </Filter>
    <Filter Include="Header Files\Source SDK\tier1">
      <UniqueIdentifier>{9a2fb766-bd93-4877-9a5c-6f19105aae94}</UniqueIdentifier>
    </Filter>
    <Filter Include="Source Files\Source SDK">
      <UniqueIdentifier>{bdcd166c-8417-46b8-bf8c-3048f699f321}</UniqueIdentifier>
    </Filter>
    <Filter Include="Source Files\Source SDK\tier1">
      <UniqueIdentifier>{df038cf0-d544-4ad0-999a-2d2768e354ec}</UniqueIdentifier>
    </Filter>
    <Filter Include="Source Files\Source SDK\mathlib">
      <UniqueIdentifier>{5e109325-2141-4c9a-8313-66be94281785}</UniqueIdentifier>
    </Filter>
    <Filter Include="Source Files\Source SDK\server">
      <UniqueIdentifier>{3c230461-2702-40e1-b34e-5b3241f70f60}</UniqueIdentifier>
    </Filter>
    <Filter Include="Header Files\LUA">
      <UniqueIdentifier>{f27de532-5a65-43aa-aac0-e311b15af87b}</UniqueIdentifier>
    </Filter>
  </ItemGroup>
  <ItemGroup>
    <ClCompile Include="main.cpp">
      <Filter>Source Files</Filter>
    </ClCompile>
    <ClCompile Include="Source SDK\tier1\bitbuf.cpp">
      <Filter>Source Files\Source SDK\tier1</Filter>
    </ClCompile>
    <ClCompile Include="Source SDK\mathlib\mathlib_base.cpp">
      <Filter>Source Files\Source SDK\mathlib</Filter>
    </ClCompile>
    <ClCompile Include="Source SDK\mathlib\sse.cpp">
      <Filter>Source Files\Source SDK\mathlib</Filter>
    </ClCompile>
    <ClCompile Include="Source SDK\server\gametrace_dll.cpp">
      <Filter>Source Files\Source SDK\server</Filter>
    </ClCompile>
    <ClCompile Include="Source SDK\tier1\utlstring.cpp">
      <Filter>Source Files\Source SDK\tier1</Filter>
    </ClCompile>
    <ClCompile Include="Source SDK\tier1\convar.cpp">
      <Filter>Source Files\Source SDK\tier1</Filter>
    </ClCompile>
    <ClCompile Include="Source SDK\tier1\strtools.cpp">
      <Filter>Source Files\Source SDK\tier1</Filter>
    </ClCompile>
    <ClCompile Include="Source SDK\tier1\strtools_unicode.cpp">
      <Filter>Source Files\Source SDK\tier1</Filter>
    </ClCompile>
    <ClCompile Include="Source SDK\tier1\checksum_md5.cpp">
      <Filter>Source Files\Source SDK\tier1</Filter>
    </ClCompile>
    <ClCompile Include="Source SDK\tier1\KeyValues.cpp">
      <Filter>Source Files\Source SDK\tier1</Filter>
    </ClCompile>
    <ClCompile Include="interfaces.cpp">
      <Filter>Source Files</Filter>
    </ClCompile>
  </ItemGroup>
  <ItemGroup>
    <ClInclude Include="include\baseinclude.h">
      <Filter>Header Files\include</Filter>
    </ClInclude>
    <ClInclude Include="include.h">
      <Filter>Header Files\include</Filter>
    </ClInclude>
    <ClInclude Include="util\util.h">
      <Filter>Header Files\util</Filter>
    </ClInclude>
    <ClInclude Include="util\pattern.h">
      <Filter>Header Files\util</Filter>
    </ClInclude>
    <ClInclude Include="Source SDK\appframework\IAppSystem.h">
      <Filter>Header Files\Source SDK\appframework</Filter>
    </ClInclude>
    <ClInclude Include="Source SDK\engine\engine_launcher_api.h">
      <Filter>Header Files\Source SDK\engine</Filter>
    </ClInclude>
    <ClInclude Include="Source SDK\mathlib\3dnow.h">
      <Filter>Header Files\Source SDK\mathlib</Filter>
    </ClInclude>
    <ClInclude Include="Source SDK\mathlib\amd3dx.h">
      <Filter>Header Files\Source SDK\mathlib</Filter>
    </ClInclude>
    <ClInclude Include="Source SDK\mathlib\compressed_vector.h">
      <Filter>Header Files\Source SDK\mathlib</Filter>
    </ClInclude>
    <ClInclude Include="Source SDK\mathlib\math_pfns.h">
      <Filter>Header Files\Source SDK\mathlib</Filter>
    </ClInclude>
    <ClInclude Include="Source SDK\mathlib\mathlib.h">
      <Filter>Header Files\Source SDK\mathlib</Filter>
    </ClInclude>
    <ClInclude Include="Source SDK\mathlib\sse.h">
      <Filter>Header Files\Source SDK\mathlib</Filter>
    </ClInclude>
    <ClInclude Include="Source SDK\mathlib\ssemath.h">
      <Filter>Header Files\Source SDK\mathlib</Filter>
    </ClInclude>
    <ClInclude Include="Source SDK\mathlib\ssequaternion.h">
      <Filter>Header Files\Source SDK\mathlib</Filter>
    </ClInclude>
    <ClInclude Include="Source SDK\mathlib\vector.h">
      <Filter>Header Files\Source SDK\mathlib</Filter>
    </ClInclude>
    <ClInclude Include="Source SDK\mathlib\vector2d.h">
      <Filter>Header Files\Source SDK\mathlib</Filter>
    </ClInclude>
    <ClInclude Include="Source SDK\mathlib\vector4d.h">
      <Filter>Header Files\Source SDK\mathlib</Filter>
    </ClInclude>
    <ClInclude Include="Source SDK\mathlib\vmatrix.h">
      <Filter>Header Files\Source SDK\mathlib</Filter>
    </ClInclude>
    <ClInclude Include="Source SDK\mathlib\vplane.h">
      <Filter>Header Files\Source SDK\mathlib</Filter>
    </ClInclude>
    <ClInclude Include="Source SDK\tier0\annotations.h">
      <Filter>Header Files\Source SDK\tier0</Filter>
    </ClInclude>
    <ClInclude Include="Source SDK\tier0\basetypes.h">
      <Filter>Header Files\Source SDK\tier0</Filter>
    </ClInclude>
    <ClInclude Include="Source SDK\tier0\commonmacros.h">
      <Filter>Header Files\Source SDK\tier0</Filter>
    </ClInclude>
    <ClInclude Include="Source SDK\tier0\dbg.h">
      <Filter>Header Files\Source SDK\tier0</Filter>
    </ClInclude>
    <ClInclude Include="Source SDK\tier0\dbgflag.h">
      <Filter>Header Files\Source SDK\tier0</Filter>
    </ClInclude>
    <ClInclude Include="Source SDK\tier0\fasttimer.h">
      <Filter>Header Files\Source SDK\tier0</Filter>
    </ClInclude>
    <ClInclude Include="Source SDK\tier0\l2cache.h">
      <Filter>Header Files\Source SDK\tier0</Filter>
    </ClInclude>
    <ClInclude Include="Source SDK\tier0\memdbgoff.h">
      <Filter>Header Files\Source SDK\tier0</Filter>
    </ClInclude>
    <ClInclude Include="Source SDK\tier0\memdbgon.h">
      <Filter>Header Files\Source SDK\tier0</Filter>
    </ClInclude>
    <ClInclude Include="Source SDK\tier0\memalloc.h">
      <Filter>Header Files\Source SDK\tier0</Filter>
    </ClInclude>
    <ClInclude Include="Source SDK\tier0\platform.h">
      <Filter>Header Files\Source SDK\tier0</Filter>
    </ClInclude>
    <ClInclude Include="Source SDK\tier0\protected_things.h">
      <Filter>Header Files\Source SDK\tier0</Filter>
    </ClInclude>
    <ClInclude Include="Source SDK\tier0\threadtools.h">
      <Filter>Header Files\Source SDK\tier0</Filter>
    </ClInclude>
    <ClInclude Include="Source SDK\tier0\valve_minmax_off.h">
      <Filter>Header Files\Source SDK\tier0</Filter>
    </ClInclude>
    <ClInclude Include="Source SDK\tier0\valve_minmax_on.h">
      <Filter>Header Files\Source SDK\tier0</Filter>
    </ClInclude>
    <ClInclude Include="Source SDK\tier0\valve_off.h">
      <Filter>Header Files\Source SDK\tier0</Filter>
    </ClInclude>
    <ClInclude Include="Source SDK\tier0\valve_on.h">
      <Filter>Header Files\Source SDK\tier0</Filter>
    </ClInclude>
    <ClInclude Include="Source SDK\tier0\vcrmode.h">
      <Filter>Header Files\Source SDK\tier0</Filter>
    </ClInclude>
    <ClInclude Include="Source SDK\tier0\vprof.h">
      <Filter>Header Files\Source SDK\tier0</Filter>
    </ClInclude>
    <ClInclude Include="Source SDK\tier0\wchartypes.h">
      <Filter>Header Files\Source SDK\tier0</Filter>
    </ClInclude>
    <ClInclude Include="Source SDK\tier1\bitbuff.h">
      <Filter>Header Files\Source SDK\tier1</Filter>
    </ClInclude>
    <ClInclude Include="Source SDK\tier1\checksum_crc.h">
      <Filter>Header Files\Source SDK\tier1</Filter>
    </ClInclude>
    <ClInclude Include="Source SDK\tier1\checksum_md5.h">
      <Filter>Header Files\Source SDK\tier1</Filter>
    </ClInclude>
    <ClInclude Include="Source SDK\tier1\color.h">
      <Filter>Header Files\Source SDK\tier1</Filter>
    </ClInclude>
    <ClInclude Include="Source SDK\tier1\interface.h">
      <Filter>Header Files\Source SDK\tier1</Filter>
    </ClInclude>
    <ClInclude Include="Source SDK\tier1\strtools.h">
      <Filter>Header Files\Source SDK\tier1</Filter>
    </ClInclude>
    <ClInclude Include="Source SDK\tier1\utlflags.h">
      <Filter>Header Files\Source SDK\tier1</Filter>
    </ClInclude>
    <ClInclude Include="Source SDK\bitvec.h">
      <Filter>Header Files\Source SDK</Filter>
    </ClInclude>
    <ClInclude Include="Source SDK\const.h">
      <Filter>Header Files\Source SDK</Filter>
    </ClInclude>
    <ClInclude Include="Source SDK\coordsize.h">
      <Filter>Header Files\Source SDK</Filter>
    </ClInclude>
    <ClInclude Include="Source SDK\usercmd.h">
      <Filter>Header Files\Source SDK</Filter>
    </ClInclude>
    <ClInclude Include="Source SDK\worldsize.h">
      <Filter>Header Files\Source SDK</Filter>
    </ClInclude>
    <ClInclude Include="interfaces.h">
      <Filter>Header Files</Filter>
    </ClInclude>
    <ClInclude Include="Source SDK\engine\iserverplugin.h">
      <Filter>Header Files\Source SDK\engine</Filter>
    </ClInclude>
    <ClInclude Include="Source SDK\edict.h">
      <Filter>Header Files\Source SDK</Filter>
    </ClInclude>
    <ClInclude Include="Source SDK\globalvars_base.h">
      <Filter>Header Files\Source SDK</Filter>
    </ClInclude>
    <ClInclude Include="Source SDK\engine\ICollideable.h">
      <Filter>Header Files\Source SDK\engine</Filter>
    </ClInclude>
    <ClInclude Include="Source SDK\iserverentity.h">
      <Filter>Header Files\Source SDK</Filter>
    </ClInclude>
    <ClInclude Include="Source SDK\string_t.h">
      <Filter>Header Files\Source SDK</Filter>
    </ClInclude>
    <ClInclude Include="Source SDK\iserverunknown.h">
      <Filter>Header Files\Source SDK</Filter>
    </ClInclude>
    <ClInclude Include="Source SDK\ihandleentity.h">
      <Filter>Header Files\Source SDK</Filter>
    </ClInclude>
    <ClInclude Include="Source SDK\cmodel.h">
      <Filter>Header Files\Source SDK</Filter>
    </ClInclude>
    <ClInclude Include="Source SDK\trace.h">
      <Filter>Header Files\Source SDK</Filter>
    </ClInclude>
    <ClInclude Include="Source SDK\basehandle.h">
      <Filter>Header Files\Source SDK</Filter>
    </ClInclude>
    <ClInclude Include="Source SDK\bspflags.h">
      <Filter>Header Files\Source SDK</Filter>
    </ClInclude>
    <ClInclude Include="Source SDK\vcollide.h">
      <Filter>Header Files\Source SDK</Filter>
    </ClInclude>
    <ClInclude Include="Source SDK\gametrace.h">
      <Filter>Header Files\Source SDK</Filter>
    </ClInclude>
    <ClInclude Include="Source SDK\tier1\utlvector.h">
      <Filter>Header Files\Source SDK\tier1</Filter>
    </ClInclude>
    <ClInclude Include="Source SDK\tier1\utlmemory.h">
      <Filter>Header Files\Source SDK\tier1</Filter>
    </ClInclude>
    <ClInclude Include="Source SDK\tier1\utlblockmemory.h">
      <Filter>Header Files\Source SDK\tier1</Filter>
    </ClInclude>
    <ClInclude Include="Source SDK\server\cbase.h">
      <Filter>Header Files\Source SDK\server</Filter>
    </ClInclude>
    <ClInclude Include="Source SDK\server\world.h">
      <Filter>Header Files\Source SDK\server</Filter>
    </ClInclude>
    <ClInclude Include="Source SDK\networkvar.h">
      <Filter>Header Files\Source SDK</Filter>
    </ClInclude>
    <ClInclude Include="Source SDK\serverclass.h">
      <Filter>Header Files\Source SDK</Filter>
    </ClInclude>
    <ClInclude Include="Source SDK\dt_send.h">
      <Filter>Header Files\Source SDK</Filter>
    </ClInclude>
    <ClInclude Include="Source SDK\dt_common.h">
      <Filter>Header Files\Source SDK</Filter>
    </ClInclude>
    <ClInclude Include="Source SDK\networkstringtabledefs.h">
      <Filter>Header Files\Source SDK</Filter>
    </ClInclude>
    <ClInclude Include="Source SDK\tier1\convar.h">
      <Filter>Header Files\Source SDK\tier1</Filter>
    </ClInclude>
    <ClInclude Include="Source SDK\icvar.h">
      <Filter>Header Files\Source SDK</Filter>
    </ClInclude>
    <ClInclude Include="Source SDK\tier1\iconvar.h">
      <Filter>Header Files\Source SDK\tier1</Filter>
    </ClInclude>
    <ClInclude Include="Source SDK\tier1\utlstring.h">
      <Filter>Header Files\Source SDK\tier1</Filter>
    </ClInclude>
    <ClInclude Include="Source SDK\server\baseentity.h">
      <Filter>Header Files\Source SDK\server</Filter>
    </ClInclude>
    <ClInclude Include="Source SDK\ispatialpartition.h">
      <Filter>Header Files\Source SDK</Filter>
    </ClInclude>
    <ClInclude Include="Source SDK\tier1\utldict.h">
      <Filter>Header Files\Source SDK\tier1</Filter>
    </ClInclude>
    <ClInclude Include="Source SDK\tier1\utlmap.h">
      <Filter>Header Files\Source SDK\tier1</Filter>
    </ClInclude>
    <ClInclude Include="Source SDK\tier1\utlrbtree.h">
      <Filter>Header Files\Source SDK\tier1</Filter>
    </ClInclude>
    <ClInclude Include="Source SDK\tier1\utlfixedmemory.h">
      <Filter>Header Files\Source SDK\tier1</Filter>
    </ClInclude>
    <ClInclude Include="Source SDK\tier1\utlsymbol.h">
      <Filter>Header Files\Source SDK\tier1</Filter>
    </ClInclude>
    <ClInclude Include="Source SDK\tier1\KeyValues.h">
      <Filter>Header Files\Source SDK\tier1</Filter>
    </ClInclude>
    <ClInclude Include="Source SDK\iservernetworkable.h">
      <Filter>Header Files\Source SDK</Filter>
    </ClInclude>
    <ClInclude Include="Source SDK\bspfile.h">
      <Filter>Header Files\Source SDK</Filter>
    </ClInclude>
    <ClInclude Include="Source SDK\datamap.h">
      <Filter>Header Files\Source SDK</Filter>
    </ClInclude>
    <ClInclude Include="Source SDK\mathlib\bumpvects.h">
      <Filter>Header Files\Source SDK\mathlib</Filter>
    </ClInclude>
    <ClInclude Include="Source SDK\mathlib\compressed_light_cube.h">
      <Filter>Header Files\Source SDK\mathlib</Filter>
    </ClInclude>
    <ClInclude Include="Source SDK\zip_uncompressed.h">
      <Filter>Header Files\Source SDK</Filter>
    </ClInclude>
    <ClInclude Include="Source SDK\eiface.h">
      <Filter>Header Files\Source SDK</Filter>
    </ClInclude>
    <ClInclude Include="Source SDK\soundflags.h">
      <Filter>Header Files\Source SDK</Filter>
    </ClInclude>
    <ClInclude Include="Source SDK\engine\ivmodelinfo.h">
      <Filter>Header Files\Source SDK\engine</Filter>
    </ClInclude>
    <ClInclude Include="LUA\ILuaShared.h">
      <Filter>Header Files\LUA</Filter>
    </ClInclude>
    <ClInclude Include="LUA\LuaBase.h">
      <Filter>Header Files\LUA</Filter>
    </ClInclude>
    <ClInclude Include="LUA\LuaInterface.h">
      <Filter>Header Files\LUA</Filter>
    </ClInclude>
    <ClInclude Include="LUA\LuaTypes.h">
      <Filter>Header Files\LUA</Filter>
    </ClInclude>
    <ClInclude Include="LUA\LuaUserData.h">
      <Filter>Header Files\LUA</Filter>
    </ClInclude>
    <ClInclude Include="Source SDK\server\ServerNetworkProperty.h">
      <Filter>Header Files\Source SDK\server</Filter>
    </ClInclude>
    <ClInclude Include="Source SDK\server\timedeventmgr.h">
      <Filter>Header Files\Source SDK\server</Filter>
    </ClInclude>
    <ClInclude Include="Source SDK\tier1\utlpriorityqueue.h">
      <Filter>Header Files\Source SDK\tier1</Filter>
    </ClInclude>
    <ClInclude Include="Source SDK\shareddefs.h">
      <Filter>Header Files\Source SDK</Filter>
    </ClInclude>
    <ClInclude Include="Source SDK\predictableid.h">
      <Filter>Header Files\Source SDK</Filter>
    </ClInclude>
    <ClInclude Include="Source SDK\server\variant_t.h">
      <Filter>Header Files\Source SDK\server</Filter>
    </ClInclude>
    <ClInclude Include="Source SDK\ehandle.h">
      <Filter>Header Files\Source SDK</Filter>
    </ClInclude>
    <ClInclude Include="Source SDK\tier1\utllinkedlist.h">
      <Filter>Header Files\Source SDK\tier1</Filter>
    </ClInclude>
    <ClInclude Include="Source SDK\collisionproperty.h">
      <Filter>Header Files\Source SDK</Filter>
    </ClInclude>
    <ClInclude Include="Source SDK\entityoutput.h">
      <Filter>Header Files\Source SDK</Filter>
    </ClInclude>
    <ClInclude Include="Source SDK\isaverestore.h">
      <Filter>Header Files\Source SDK</Filter>
    </ClInclude>
    <ClInclude Include="Source SDK\takedamageinfo.h">
      <Filter>Header Files\Source SDK</Filter>
    </ClInclude>
  </ItemGroup>
</Project>