<?xml version="1.0" encoding="utf-8"?>
<Project ToolsVersion="4.0" xmlns="http://schemas.microsoft.com/developer/msbuild/2003">
  <ItemGroup>
    <Filter Include="Source Files">
      <UniqueIdentifier>{4FC737F1-C7A5-4376-A066-2A32D752A2FF}</UniqueIdentifier>
      <Extensions>cpp;c;cc;cxx;def;odl;idl;hpj;bat;asm;asmx</Extensions>
    </Filter>
    <Filter Include="Header Files">
      <UniqueIdentifier>{93995380-89BD-4b04-88EB-625FBE52EBFB}</UniqueIdentifier>
      <Extensions>h;hh;hpp;hxx;hm;inl;inc;ipp;xsd</Extensions>
    </Filter>
    <Filter Include="Resource Files">
      <UniqueIdentifier>{67DA6AB6-F800-4c08-8B7A-83BB121AAD01}</UniqueIdentifier>
      <Extensions>rc;ico;cur;bmp;dlg;rc2;rct;bin;rgs;gif;jpg;jpeg;jpe;resx;tiff;tif;png;wav;mfcribbon-ms</Extensions>
    </Filter>
    <Filter Include="Header Files\util">
      <UniqueIdentifier>{4893dc1f-1fab-4b9d-ab52-c7ed3db5fced}</UniqueIdentifier>
    </Filter>
    <Filter Include="Header Files\Source SDK">
      <UniqueIdentifier>{3992dc1b-345c-4a1d-bd50-6d847642c7d4}</UniqueIdentifier>
    </Filter>
    <Filter Include="Header Files\Source SDK\appframework">
      <UniqueIdentifier>{260125ce-a5d0-4ef6-8513-dcd837f0b4bd}</UniqueIdentifier>
    </Filter>
    <Filter Include="Header Files\Source SDK\engine">
      <UniqueIdentifier>{9d205c15-0e88-4771-b4ae-862922cff710}</UniqueIdentifier>
    </Filter>
    <Filter Include="Header Files\Source SDK\mathlib">
      <UniqueIdentifier>{80fa45cf-599b-4abb-b677-1f318534f500}</UniqueIdentifier>
    </Filter>
    <Filter Include="Header Files\Source SDK\server">
      <UniqueIdentifier>{7ab75cbe-3f62-496f-8467-0cacf051061b}</UniqueIdentifier>
    </Filter>
    <Filter Include="Header Files\Source SDK\tier0">
      <UniqueIdentifier>{87dbdbd0-7478-44cf-aac2-46f9c48e9bd2}</UniqueIdentifier>
    </Filter>
    <Filter Include="Header Files\Source SDK\tier1">
      <UniqueIdentifier>{9a2fb766-bd93-4877-9a5c-6f19105aae94}</UniqueIdentifier>
    </Filter>
    <Filter Include="Source Files\Source SDK">
      <UniqueIdentifier>{bdcd166c-8417-46b8-bf8c-3048f699f321}</UniqueIdentifier>
    </Filter>
    <Filter Include="Source Files\Source SDK\tier1">
      <UniqueIdentifier>{df038cf0-d544-4ad0-999a-2d2768e354ec}</UniqueIdentifier>
    </Filter>
    <Filter Include="Source Files\Source SDK\mathlib">
      <UniqueIdentifier>{5e109325-2141-4c9a-8313-66be94281785}</UniqueIdentifier>
    </Filter>
    <Filter Include="Source Files\Source SDK\server">
      <UniqueIdentifier>{3c230461-2702-40e1-b34e-5b3241f70f60}</UniqueIdentifier>
    </Filter>
    <Filter Include="Header Files\util\hooking">
      <UniqueIdentifier>{e39bfc83-399e-4fa9-958a-bb7bfa989d15}</UniqueIdentifier>
    </Filter>
    <Filter Include="Header Files\Hooks">
      <UniqueIdentifier>{b0fd6e30-f1ec-477d-975b-249c01a80ca9}</UniqueIdentifier>
    </Filter>
    <Filter Include="Source Files\Hooks">
      <UniqueIdentifier>{3c8b68e7-1e50-4279-8b71-6debe99a4f12}</UniqueIdentifier>
    </Filter>
    <Filter Include="Source Files\Hooks\ServerGameClients">
      <UniqueIdentifier>{d7d81fbc-3d04-4300-92a8-d4a2cccef1ff}</UniqueIdentifier>
    </Filter>
    <Filter Include="Source Files\util">
      <UniqueIdentifier>{4fedfa18-896f-4d6f-a7ea-a935f24889ae}</UniqueIdentifier>
    </Filter>
    <Filter Include="Source Files\util\hooking">
      <UniqueIdentifier>{b2bb91c0-7320-4749-902c-342f374293db}</UniqueIdentifier>
    </Filter>
    <Filter Include="Source Files\Hooks\CGMOD_Player">
      <UniqueIdentifier>{5c8e7bb3-6da2-4e83-bb1e-afe7a28d8649}</UniqueIdentifier>
    </Filter>
    <Filter Include="Header Files\Source SDK\vstdlib">
      <UniqueIdentifier>{bd82a09b-8514-4fcf-8119-81f2aad3a42e}</UniqueIdentifier>
    </Filter>
    <Filter Include="Header Files\Source SDK\SoundEmitterSystem">
      <UniqueIdentifier>{126284c7-8651-4079-9f2d-03e7d4248280}</UniqueIdentifier>
    </Filter>
    <Filter Include="Header Files\Source SDK\server\hl2">
      <UniqueIdentifier>{86b55b51-c1c3-4337-992b-d834bdfa6bf6}</UniqueIdentifier>
    </Filter>
    <Filter Include="Header Files\Source SDK\hl2">
      <UniqueIdentifier>{af90995d-395f-454d-bc8a-6af8d627967e}</UniqueIdentifier>
    </Filter>
    <Filter Include="Header Files\Source SDK\server\hl2mp">
      <UniqueIdentifier>{1602b507-17bd-4ff3-82ee-51453b6954c8}</UniqueIdentifier>
    </Filter>
    <Filter Include="Header Files\Source SDK\hl2mp">
      <UniqueIdentifier>{2c96af77-7544-44b8-b48b-bb7ffe75b9d7}</UniqueIdentifier>
    </Filter>
    <Filter Include="Header Files\Source SDK\server\gmod">
      <UniqueIdentifier>{8d10f6d1-8145-4bd0-bf46-b9485dd0ba15}</UniqueIdentifier>
    </Filter>
    <Filter Include="Header Files\Source SDK\econ">
      <UniqueIdentifier>{292e7247-0972-4c1a-848f-4cbff1d21eae}</UniqueIdentifier>
    </Filter>
    <Filter Include="Header Files\Source SDK\toolframework">
      <UniqueIdentifier>{c4aaae32-c55b-4f6d-a25a-d2892b1e998b}</UniqueIdentifier>
    </Filter>
    <Filter Include="Header Files\Garry%27s Mod">
      <UniqueIdentifier>{2c6a7647-aedc-4476-a7bb-b658beb96d58}</UniqueIdentifier>
    </Filter>
    <Filter Include="Header Files\Garry%27s Mod\LUA">
      <UniqueIdentifier>{f27de532-5a65-43aa-aac0-e311b15af87b}</UniqueIdentifier>
    </Filter>
    <Filter Include="Header Files\Garry%27s Mod\GLUA">
      <UniqueIdentifier>{4c31e633-e266-499d-9362-01b2ff3e357e}</UniqueIdentifier>
    </Filter>
    <Filter Include="Header Files\Garry%27s Mod\GLUA\LuaObject">
      <UniqueIdentifier>{73e8057e-14b7-4932-a4f3-d7f0589f74e4}</UniqueIdentifier>
    </Filter>
    <Filter Include="Source Files\Garry%27s Mod">
      <UniqueIdentifier>{44f6d886-51ff-4528-8133-52e7254bdb63}</UniqueIdentifier>
    </Filter>
    <Filter Include="Source Files\Garry%27s Mod\GLUA">
      <UniqueIdentifier>{37c89679-2992-4a1f-9d65-79f85afc3711}</UniqueIdentifier>
    </Filter>
    <Filter Include="Source Files\Garry%27s Mod\GLUA\LuaObject">
      <UniqueIdentifier>{35e2f7bc-7b46-4025-9b22-1b8c32738075}</UniqueIdentifier>
    </Filter>
    <Filter Include="Source Files\Garry%27s Mod\LUA">
      <UniqueIdentifier>{b19dd11f-e2b2-4521-996e-ec141886be99}</UniqueIdentifier>
    </Filter>
    <Filter Include="Header Files\Garry%27s Mod\Networking">
      <UniqueIdentifier>{3056939c-e8ad-45da-a41e-733b1feef39c}</UniqueIdentifier>
    </Filter>
    <Filter Include="Source Files\Hooks\CNetChan">
      <UniqueIdentifier>{baea64ed-9fdf-4dab-8321-39ba14a20bf4}</UniqueIdentifier>
    </Filter>
    <Filter Include="Header Files\Source SDK\xbox">
      <UniqueIdentifier>{d7212f4e-7379-45e0-870f-003ecb8197a1}</UniqueIdentifier>
    </Filter>
    <Filter Include="Header Files\Source SDK\steam">
      <UniqueIdentifier>{a70848cc-7cdd-497a-b97e-c3968c073146}</UniqueIdentifier>
    </Filter>
    <Filter Include="Source Files\Garry%27s Mod\Networking">
      <UniqueIdentifier>{24e51fc6-235d-4d03-80c3-b97dedcd2b87}</UniqueIdentifier>
    </Filter>
  </ItemGroup>
  <ItemGroup>
    <ClCompile Include="main.cpp">
      <Filter>Source Files</Filter>
    </ClCompile>
    <ClCompile Include="Source SDK\tier1\bitbuf.cpp">
      <Filter>Source Files\Source SDK\tier1</Filter>
    </ClCompile>
    <ClCompile Include="Source SDK\mathlib\mathlib_base.cpp">
      <Filter>Source Files\Source SDK\mathlib</Filter>
    </ClCompile>
    <ClCompile Include="Source SDK\mathlib\sse.cpp">
      <Filter>Source Files\Source SDK\mathlib</Filter>
    </ClCompile>
    <ClCompile Include="Source SDK\server\gametrace_dll.cpp">
      <Filter>Source Files\Source SDK\server</Filter>
    </ClCompile>
    <ClCompile Include="Source SDK\tier1\utlstring.cpp">
      <Filter>Source Files\Source SDK\tier1</Filter>
    </ClCompile>
    <ClCompile Include="Source SDK\tier1\convar.cpp">
      <Filter>Source Files\Source SDK\tier1</Filter>
    </ClCompile>
    <ClCompile Include="Source SDK\tier1\strtools.cpp">
      <Filter>Source Files\Source SDK\tier1</Filter>
    </ClCompile>
    <ClCompile Include="Source SDK\tier1\strtools_unicode.cpp">
      <Filter>Source Files\Source SDK\tier1</Filter>
    </ClCompile>
    <ClCompile Include="Source SDK\tier1\checksum_md5.cpp">
      <Filter>Source Files\Source SDK\tier1</Filter>
    </ClCompile>
    <ClCompile Include="Source SDK\tier1\KeyValues.cpp">
      <Filter>Source Files\Source SDK\tier1</Filter>
    </ClCompile>
    <ClCompile Include="interfaces.cpp">
      <Filter>Source Files</Filter>
    </ClCompile>
    <ClCompile Include="Hooks\hook.cpp">
      <Filter>Source Files\Hooks</Filter>
    </ClCompile>
    <ClCompile Include="Hooks\ServerGameClients\ClientConnect.cpp">
      <Filter>Source Files\Hooks\ServerGameClients</Filter>
    </ClCompile>
    <ClCompile Include="Source SDK\usercmd.cpp">
      <Filter>Source Files\Source SDK</Filter>
    </ClCompile>
    <ClCompile Include="Source SDK\tier1\checksum_crc.cpp">
      <Filter>Source Files\Source SDK\tier1</Filter>
    </ClCompile>
    <ClCompile Include="util\vmthook.cpp">
      <Filter>Source Files\util\hooking</Filter>
    </ClCompile>
    <ClCompile Include="Hooks\CGMOD_Player\FireBullets.cpp">
      <Filter>Source Files\Hooks\CGMOD_Player</Filter>
    </ClCompile>
    <ClCompile Include="Source SDK\interval.cpp">
      <Filter>Source Files\Source SDK</Filter>
    </ClCompile>
    <ClCompile Include="Source SDK\tier1\utlbuffer.cpp">
      <Filter>Source Files\Source SDK\tier1</Filter>
    </ClCompile>
    <ClCompile Include="Source SDK\tier1\generichash.cpp">
      <Filter>Source Files\Source SDK\tier1</Filter>
    </ClCompile>
    <ClCompile Include="Source SDK\tier1\tier1.cpp">
      <Filter>Source Files\Source SDK\tier1</Filter>
    </ClCompile>
    <ClCompile Include="Garry%27s Mod\GLUA\LuaObject\CLuaGameObject.cpp">
      <Filter>Source Files\Garry%27s Mod\GLUA\LuaObject</Filter>
    </ClCompile>
    <ClCompile Include="Garry%27s Mod\GLUA\LuaObject\CLuaObject.cpp">
      <Filter>Source Files\Garry%27s Mod\GLUA\LuaObject</Filter>
    </ClCompile>
    <ClCompile Include="Garry%27s Mod\GLUA\LuaNetworkedVars.cpp">
      <Filter>Source Files\Garry%27s Mod\GLUA</Filter>
    </ClCompile>
    <ClCompile Include="Garry%27s Mod\LUA\LuaBase.cpp">
      <Filter>Source Files\Garry%27s Mod\LUA</Filter>
    </ClCompile>
    <ClCompile Include="Source SDK\tier1\NetAdr.cpp">
      <Filter>Source Files\Source SDK\tier1</Filter>
    </ClCompile>
    <ClCompile Include="Hooks\CNetChan\SendNetMsg.cpp">
      <Filter>Source Files\Hooks\CNetChan</Filter>
    </ClCompile>
    <ClCompile Include="Garry%27s Mod\Networking\ClientToServer.cpp">
      <Filter>Source Files\Garry%27s Mod\Networking</Filter>
    </ClCompile>
    <ClCompile Include="Hooks\ServerGameClients\GMOD_ReceiveClientMessage.cpp">
      <Filter>Source Files\Hooks\ServerGameClients</Filter>
    </ClCompile>
  </ItemGroup>
  <ItemGroup>
    <ClInclude Include="util\util.h">
      <Filter>Header Files\util</Filter>
    </ClInclude>
    <ClInclude Include="util\pattern.h">
      <Filter>Header Files\util</Filter>
    </ClInclude>
    <ClInclude Include="Source SDK\appframework\IAppSystem.h">
      <Filter>Header Files\Source SDK\appframework</Filter>
    </ClInclude>
    <ClInclude Include="Source SDK\engine\engine_launcher_api.h">
      <Filter>Header Files\Source SDK\engine</Filter>
    </ClInclude>
    <ClInclude Include="Source SDK\mathlib\3dnow.h">
      <Filter>Header Files\Source SDK\mathlib</Filter>
    </ClInclude>
    <ClInclude Include="Source SDK\mathlib\amd3dx.h">
      <Filter>Header Files\Source SDK\mathlib</Filter>
    </ClInclude>
    <ClInclude Include="Source SDK\mathlib\compressed_vector.h">
      <Filter>Header Files\Source SDK\mathlib</Filter>
    </ClInclude>
    <ClInclude Include="Source SDK\mathlib\math_pfns.h">
      <Filter>Header Files\Source SDK\mathlib</Filter>
    </ClInclude>
    <ClInclude Include="Source SDK\mathlib\mathlib.h">
      <Filter>Header Files\Source SDK\mathlib</Filter>
    </ClInclude>
    <ClInclude Include="Source SDK\mathlib\sse.h">
      <Filter>Header Files\Source SDK\mathlib</Filter>
    </ClInclude>
    <ClInclude Include="Source SDK\mathlib\ssemath.h">
      <Filter>Header Files\Source SDK\mathlib</Filter>
    </ClInclude>
    <ClInclude Include="Source SDK\mathlib\ssequaternion.h">
      <Filter>Header Files\Source SDK\mathlib</Filter>
    </ClInclude>
    <ClInclude Include="Source SDK\mathlib\vector.h">
      <Filter>Header Files\Source SDK\mathlib</Filter>
    </ClInclude>
    <ClInclude Include="Source SDK\mathlib\vector2d.h">
      <Filter>Header Files\Source SDK\mathlib</Filter>
    </ClInclude>
    <ClInclude Include="Source SDK\mathlib\vector4d.h">
      <Filter>Header Files\Source SDK\mathlib</Filter>
    </ClInclude>
    <ClInclude Include="Source SDK\mathlib\vmatrix.h">
      <Filter>Header Files\Source SDK\mathlib</Filter>
    </ClInclude>
    <ClInclude Include="Source SDK\mathlib\vplane.h">
      <Filter>Header Files\Source SDK\mathlib</Filter>
    </ClInclude>
    <ClInclude Include="Source SDK\tier0\annotations.h">
      <Filter>Header Files\Source SDK\tier0</Filter>
    </ClInclude>
    <ClInclude Include="Source SDK\tier0\basetypes.h">
      <Filter>Header Files\Source SDK\tier0</Filter>
    </ClInclude>
    <ClInclude Include="Source SDK\tier0\commonmacros.h">
      <Filter>Header Files\Source SDK\tier0</Filter>
    </ClInclude>
    <ClInclude Include="Source SDK\tier0\dbg.h">
      <Filter>Header Files\Source SDK\tier0</Filter>
    </ClInclude>
    <ClInclude Include="Source SDK\tier0\dbgflag.h">
      <Filter>Header Files\Source SDK\tier0</Filter>
    </ClInclude>
    <ClInclude Include="Source SDK\tier0\fasttimer.h">
      <Filter>Header Files\Source SDK\tier0</Filter>
    </ClInclude>
    <ClInclude Include="Source SDK\tier0\l2cache.h">
      <Filter>Header Files\Source SDK\tier0</Filter>
    </ClInclude>
    <ClInclude Include="Source SDK\tier0\memdbgoff.h">
      <Filter>Header Files\Source SDK\tier0</Filter>
    </ClInclude>
    <ClInclude Include="Source SDK\tier0\memdbgon.h">
      <Filter>Header Files\Source SDK\tier0</Filter>
    </ClInclude>
    <ClInclude Include="Source SDK\tier0\memalloc.h">
      <Filter>Header Files\Source SDK\tier0</Filter>
    </ClInclude>
    <ClInclude Include="Source SDK\tier0\platform.h">
      <Filter>Header Files\Source SDK\tier0</Filter>
    </ClInclude>
    <ClInclude Include="Source SDK\tier0\protected_things.h">
      <Filter>Header Files\Source SDK\tier0</Filter>
    </ClInclude>
    <ClInclude Include="Source SDK\tier0\threadtools.h">
      <Filter>Header Files\Source SDK\tier0</Filter>
    </ClInclude>
    <ClInclude Include="Source SDK\tier0\valve_minmax_off.h">
      <Filter>Header Files\Source SDK\tier0</Filter>
    </ClInclude>
    <ClInclude Include="Source SDK\tier0\valve_minmax_on.h">
      <Filter>Header Files\Source SDK\tier0</Filter>
    </ClInclude>
    <ClInclude Include="Source SDK\tier0\valve_off.h">
      <Filter>Header Files\Source SDK\tier0</Filter>
    </ClInclude>
    <ClInclude Include="Source SDK\tier0\valve_on.h">
      <Filter>Header Files\Source SDK\tier0</Filter>
    </ClInclude>
    <ClInclude Include="Source SDK\tier0\vcrmode.h">
      <Filter>Header Files\Source SDK\tier0</Filter>
    </ClInclude>
    <ClInclude Include="Source SDK\tier0\vprof.h">
      <Filter>Header Files\Source SDK\tier0</Filter>
    </ClInclude>
    <ClInclude Include="Source SDK\tier0\wchartypes.h">
      <Filter>Header Files\Source SDK\tier0</Filter>
    </ClInclude>
    <ClInclude Include="Source SDK\tier1\bitbuff.h">
      <Filter>Header Files\Source SDK\tier1</Filter>
    </ClInclude>
    <ClInclude Include="Source SDK\tier1\checksum_crc.h">
      <Filter>Header Files\Source SDK\tier1</Filter>
    </ClInclude>
    <ClInclude Include="Source SDK\tier1\checksum_md5.h">
      <Filter>Header Files\Source SDK\tier1</Filter>
    </ClInclude>
    <ClInclude Include="Source SDK\tier1\color.h">
      <Filter>Header Files\Source SDK\tier1</Filter>
    </ClInclude>
    <ClInclude Include="Source SDK\tier1\interface.h">
      <Filter>Header Files\Source SDK\tier1</Filter>
    </ClInclude>
    <ClInclude Include="Source SDK\tier1\strtools.h">
      <Filter>Header Files\Source SDK\tier1</Filter>
    </ClInclude>
    <ClInclude Include="Source SDK\tier1\utlflags.h">
      <Filter>Header Files\Source SDK\tier1</Filter>
    </ClInclude>
    <ClInclude Include="Source SDK\bitvec.h">
      <Filter>Header Files\Source SDK</Filter>
    </ClInclude>
    <ClInclude Include="Source SDK\const.h">
      <Filter>Header Files\Source SDK</Filter>
    </ClInclude>
    <ClInclude Include="Source SDK\coordsize.h">
      <Filter>Header Files\Source SDK</Filter>
    </ClInclude>
    <ClInclude Include="Source SDK\usercmd.h">
      <Filter>Header Files\Source SDK</Filter>
    </ClInclude>
    <ClInclude Include="Source SDK\worldsize.h">
      <Filter>Header Files\Source SDK</Filter>
    </ClInclude>
    <ClInclude Include="interfaces.h">
      <Filter>Header Files</Filter>
    </ClInclude>
    <ClInclude Include="Source SDK\engine\iserverplugin.h">
      <Filter>Header Files\Source SDK\engine</Filter>
    </ClInclude>
    <ClInclude Include="Source SDK\edict.h">
      <Filter>Header Files\Source SDK</Filter>
    </ClInclude>
    <ClInclude Include="Source SDK\globalvars_base.h">
      <Filter>Header Files\Source SDK</Filter>
    </ClInclude>
    <ClInclude Include="Source SDK\engine\ICollideable.h">
      <Filter>Header Files\Source SDK\engine</Filter>
    </ClInclude>
    <ClInclude Include="Source SDK\iserverentity.h">
      <Filter>Header Files\Source SDK</Filter>
    </ClInclude>
    <ClInclude Include="Source SDK\string_t.h">
      <Filter>Header Files\Source SDK</Filter>
    </ClInclude>
    <ClInclude Include="Source SDK\iserverunknown.h">
      <Filter>Header Files\Source SDK</Filter>
    </ClInclude>
    <ClInclude Include="Source SDK\ihandleentity.h">
      <Filter>Header Files\Source SDK</Filter>
    </ClInclude>
    <ClInclude Include="Source SDK\cmodel.h">
      <Filter>Header Files\Source SDK</Filter>
    </ClInclude>
    <ClInclude Include="Source SDK\trace.h">
      <Filter>Header Files\Source SDK</Filter>
    </ClInclude>
    <ClInclude Include="Source SDK\basehandle.h">
      <Filter>Header Files\Source SDK</Filter>
    </ClInclude>
    <ClInclude Include="Source SDK\bspflags.h">
      <Filter>Header Files\Source SDK</Filter>
    </ClInclude>
    <ClInclude Include="Source SDK\vcollide.h">
      <Filter>Header Files\Source SDK</Filter>
    </ClInclude>
    <ClInclude Include="Source SDK\gametrace.h">
      <Filter>Header Files\Source SDK</Filter>
    </ClInclude>
    <ClInclude Include="Source SDK\tier1\utlvector.h">
      <Filter>Header Files\Source SDK\tier1</Filter>
    </ClInclude>
    <ClInclude Include="Source SDK\tier1\utlmemory.h">
      <Filter>Header Files\Source SDK\tier1</Filter>
    </ClInclude>
    <ClInclude Include="Source SDK\tier1\utlblockmemory.h">
      <Filter>Header Files\Source SDK\tier1</Filter>
    </ClInclude>
    <ClInclude Include="Source SDK\server\cbase.h">
      <Filter>Header Files\Source SDK\server</Filter>
    </ClInclude>
    <ClInclude Include="Source SDK\server\world.h">
      <Filter>Header Files\Source SDK\server</Filter>
    </ClInclude>
    <ClInclude Include="Source SDK\networkvar.h">
      <Filter>Header Files\Source SDK</Filter>
    </ClInclude>
    <ClInclude Include="Source SDK\serverclass.h">
      <Filter>Header Files\Source SDK</Filter>
    </ClInclude>
    <ClInclude Include="Source SDK\dt_send.h">
      <Filter>Header Files\Source SDK</Filter>
    </ClInclude>
    <ClInclude Include="Source SDK\dt_common.h">
      <Filter>Header Files\Source SDK</Filter>
    </ClInclude>
    <ClInclude Include="Source SDK\networkstringtabledefs.h">
      <Filter>Header Files\Source SDK</Filter>
    </ClInclude>
    <ClInclude Include="Source SDK\tier1\convar.h">
      <Filter>Header Files\Source SDK\tier1</Filter>
    </ClInclude>
    <ClInclude Include="Source SDK\icvar.h">
      <Filter>Header Files\Source SDK</Filter>
    </ClInclude>
    <ClInclude Include="Source SDK\tier1\iconvar.h">
      <Filter>Header Files\Source SDK\tier1</Filter>
    </ClInclude>
    <ClInclude Include="Source SDK\tier1\utlstring.h">
      <Filter>Header Files\Source SDK\tier1</Filter>
    </ClInclude>
    <ClInclude Include="Source SDK\server\baseentity.h">
      <Filter>Header Files\Source SDK\server</Filter>
    </ClInclude>
    <ClInclude Include="Source SDK\ispatialpartition.h">
      <Filter>Header Files\Source SDK</Filter>
    </ClInclude>
    <ClInclude Include="Source SDK\tier1\utldict.h">
      <Filter>Header Files\Source SDK\tier1</Filter>
    </ClInclude>
    <ClInclude Include="Source SDK\tier1\utlmap.h">
      <Filter>Header Files\Source SDK\tier1</Filter>
    </ClInclude>
    <ClInclude Include="Source SDK\tier1\utlrbtree.h">
      <Filter>Header Files\Source SDK\tier1</Filter>
    </ClInclude>
    <ClInclude Include="Source SDK\tier1\utlfixedmemory.h">
      <Filter>Header Files\Source SDK\tier1</Filter>
    </ClInclude>
    <ClInclude Include="Source SDK\tier1\utlsymbol.h">
      <Filter>Header Files\Source SDK\tier1</Filter>
    </ClInclude>
    <ClInclude Include="Source SDK\tier1\KeyValues.h">
      <Filter>Header Files\Source SDK\tier1</Filter>
    </ClInclude>
    <ClInclude Include="Source SDK\iservernetworkable.h">
      <Filter>Header Files\Source SDK</Filter>
    </ClInclude>
    <ClInclude Include="Source SDK\bspfile.h">
      <Filter>Header Files\Source SDK</Filter>
    </ClInclude>
    <ClInclude Include="Source SDK\datamap.h">
      <Filter>Header Files\Source SDK</Filter>
    </ClInclude>
    <ClInclude Include="Source SDK\mathlib\bumpvects.h">
      <Filter>Header Files\Source SDK\mathlib</Filter>
    </ClInclude>
    <ClInclude Include="Source SDK\mathlib\compressed_light_cube.h">
      <Filter>Header Files\Source SDK\mathlib</Filter>
    </ClInclude>
    <ClInclude Include="Source SDK\zip_uncompressed.h">
      <Filter>Header Files\Source SDK</Filter>
    </ClInclude>
    <ClInclude Include="Source SDK\eiface.h">
      <Filter>Header Files\Source SDK</Filter>
    </ClInclude>
    <ClInclude Include="Source SDK\soundflags.h">
      <Filter>Header Files\Source SDK</Filter>
    </ClInclude>
    <ClInclude Include="Source SDK\engine\ivmodelinfo.h">
      <Filter>Header Files\Source SDK\engine</Filter>
    </ClInclude>
    <ClInclude Include="Source SDK\server\ServerNetworkProperty.h">
      <Filter>Header Files\Source SDK\server</Filter>
    </ClInclude>
    <ClInclude Include="Source SDK\server\timedeventmgr.h">
      <Filter>Header Files\Source SDK\server</Filter>
    </ClInclude>
    <ClInclude Include="Source SDK\tier1\utlpriorityqueue.h">
      <Filter>Header Files\Source SDK\tier1</Filter>
    </ClInclude>
    <ClInclude Include="Source SDK\shareddefs.h">
      <Filter>Header Files\Source SDK</Filter>
    </ClInclude>
    <ClInclude Include="Source SDK\predictableid.h">
      <Filter>Header Files\Source SDK</Filter>
    </ClInclude>
    <ClInclude Include="Source SDK\server\variant_t.h">
      <Filter>Header Files\Source SDK\server</Filter>
    </ClInclude>
    <ClInclude Include="Source SDK\ehandle.h">
      <Filter>Header Files\Source SDK</Filter>
    </ClInclude>
    <ClInclude Include="Source SDK\tier1\utllinkedlist.h">
      <Filter>Header Files\Source SDK\tier1</Filter>
    </ClInclude>
    <ClInclude Include="Source SDK\collisionproperty.h">
      <Filter>Header Files\Source SDK</Filter>
    </ClInclude>
    <ClInclude Include="Source SDK\entityoutput.h">
      <Filter>Header Files\Source SDK</Filter>
    </ClInclude>
    <ClInclude Include="Source SDK\isaverestore.h">
      <Filter>Header Files\Source SDK</Filter>
    </ClInclude>
    <ClInclude Include="Source SDK\takedamageinfo.h">
      <Filter>Header Files\Source SDK</Filter>
    </ClInclude>
    <ClInclude Include="Source SDK\server\baseanimating.h">
      <Filter>Header Files\Source SDK\server</Filter>
    </ClInclude>
    <ClInclude Include="Source SDK\studio.h">
      <Filter>Header Files\Source SDK</Filter>
    </ClInclude>
    <ClInclude Include="Source SDK\tier1\utlhash.h">
      <Filter>Header Files\Source SDK\tier1</Filter>
    </ClInclude>
    <ClInclude Include="Source SDK\tier1\generichash.h">
      <Filter>Header Files\Source SDK\tier1</Filter>
    </ClInclude>
    <ClInclude Include="Source SDK\localflexcontroller.h">
      <Filter>Header Files\Source SDK</Filter>
    </ClInclude>
    <ClInclude Include="util\vmthook.h">
      <Filter>Header Files\util\hooking</Filter>
    </ClInclude>
    <ClInclude Include="Hooks\hook.h">
      <Filter>Header Files\Hooks</Filter>
    </ClInclude>
    <ClInclude Include="Source SDK\imovehelper.h">
      <Filter>Header Files\Source SDK</Filter>
    </ClInclude>
    <ClInclude Include="Source SDK\inetchannelinfo.h">
      <Filter>Header Files\Source SDK</Filter>
    </ClInclude>
    <ClInclude Include="Source SDK\server\BaseAnimatingOverlay.h">
      <Filter>Header Files\Source SDK\server</Filter>
    </ClInclude>
    <ClInclude Include="Source SDK\ai_activity.h">
      <Filter>Header Files\Source SDK</Filter>
    </ClInclude>
    <ClInclude Include="Source SDK\server\baseflex.h">
      <Filter>Header Files\Source SDK\server</Filter>
    </ClInclude>
    <ClInclude Include="Source SDK\sceneentity_shared.h">
      <Filter>Header Files\Source SDK</Filter>
    </ClInclude>
    <ClInclude Include="Source SDK\iscenetokenprocessor.h">
      <Filter>Header Files\Source SDK</Filter>
    </ClInclude>
    <ClInclude Include="Source SDK\server\basecombatcharacter.h">
      <Filter>Header Files\Source SDK\server</Filter>
    </ClInclude>
    <ClInclude Include="Source SDK\weapon_proficiency.h">
      <Filter>Header Files\Source SDK</Filter>
    </ClInclude>
    <ClInclude Include="Source SDK\server\damagemodifier.h">
      <Filter>Header Files\Source SDK\server</Filter>
    </ClInclude>
    <ClInclude Include="Source SDK\server\ai_hull.h">
      <Filter>Header Files\Source SDK\server</Filter>
    </ClInclude>
    <ClInclude Include="Source SDK\server\ai_utils.h">
      <Filter>Header Files\Source SDK\server</Filter>
    </ClInclude>
    <ClInclude Include="Source SDK\server\ai_component.h">
      <Filter>Header Files\Source SDK\server</Filter>
    </ClInclude>
    <ClInclude Include="Source SDK\simtimer.h">
      <Filter>Header Files\Source SDK</Filter>
    </ClInclude>
    <ClInclude Include="Source SDK\vstdlib\random.h">
      <Filter>Header Files\Source SDK\vstdlib</Filter>
    </ClInclude>
    <ClInclude Include="Source SDK\server\physics_impact_damage.h">
      <Filter>Header Files\Source SDK\server</Filter>
    </ClInclude>
    <ClInclude Include="Source SDK\server\player.h">
      <Filter>Header Files\Source SDK\server</Filter>
    </ClInclude>
    <ClInclude Include="Source SDK\server\playerlocaldata.h">
      <Filter>Header Files\Source SDK\server</Filter>
    </ClInclude>
    <ClInclude Include="Source SDK\playernet_vars.h">
      <Filter>Header Files\Source SDK</Filter>
    </ClInclude>
    <ClInclude Include="Source SDK\server\fogcontroller.h">
      <Filter>Header Files\Source SDK\server</Filter>
    </ClInclude>
    <ClInclude Include="Source SDK\igamesystem.h">
      <Filter>Header Files\Source SDK</Filter>
    </ClInclude>
    <ClInclude Include="Source SDK\PlayerState.h">
      <Filter>Header Files\Source SDK</Filter>
    </ClInclude>
    <ClInclude Include="Source SDK\server\iplayerinfo.h">
      <Filter>Header Files\Source SDK\server</Filter>
    </ClInclude>
    <ClInclude Include="Source SDK\hintsystem.h">
      <Filter>Header Files\Source SDK</Filter>
    </ClInclude>
    <ClInclude Include="Source SDK\SoundEmitterSystem\isoundemittersystembase.h">
      <Filter>Header Files\Source SDK\SoundEmitterSystem</Filter>
    </ClInclude>
    <ClInclude Include="Source SDK\util_shared.h">
      <Filter>Header Files\Source SDK</Filter>
    </ClInclude>
    <ClInclude Include="Source SDK\engine\IEngineTrace.h">
      <Filter>Header Files\Source SDK\engine</Filter>
    </ClInclude>
    <ClInclude Include="Source SDK\engine\IStaticPropMgr.h">
      <Filter>Header Files\Source SDK\engine</Filter>
    </ClInclude>
    <ClInclude Include="Source SDK\server\basemultiplayerplayer.h">
      <Filter>Header Files\Source SDK\server</Filter>
    </ClInclude>
    <ClInclude Include="Source SDK\server\ai_speech.h">
      <Filter>Header Files\Source SDK\server</Filter>
    </ClInclude>
    <ClInclude Include="Source SDK\server\AI_ResponseSystem.h">
      <Filter>Header Files\Source SDK\server</Filter>
    </ClInclude>
    <ClInclude Include="Source SDK\server\AI_Criteria.h">
      <Filter>Header Files\Source SDK\server</Filter>
    </ClInclude>
    <ClInclude Include="Source SDK\interval.h">
      <Filter>Header Files\Source SDK</Filter>
    </ClInclude>
    <ClInclude Include="Source SDK\server\hl2\hl2_player.h">
      <Filter>Header Files\Source SDK\server\hl2</Filter>
    </ClInclude>
    <ClInclude Include="Source SDK\soundenvelope.h">
      <Filter>Header Files\Source SDK</Filter>
    </ClInclude>
    <ClInclude Include="Source SDK\engine\IEngineSound.h">
      <Filter>Header Files\Source SDK\engine</Filter>
    </ClInclude>
    <ClInclude Include="Source SDK\engine\SndInfo.h">
      <Filter>Header Files\Source SDK\engine</Filter>
    </ClInclude>
    <ClInclude Include="Source SDK\irecipientfilter.h">
      <Filter>Header Files\Source SDK</Filter>
    </ClInclude>
    <ClInclude Include="Source SDK\server\hl2\hl2_playerlocaldata.h">
      <Filter>Header Files\Source SDK\server\hl2</Filter>
    </ClInclude>
    <ClInclude Include="Source SDK\hl2\hl_movedata.h">
      <Filter>Header Files\Source SDK\hl2</Filter>
    </ClInclude>
    <ClInclude Include="Source SDK\igamemovement.h">
      <Filter>Header Files\Source SDK</Filter>
    </ClInclude>
    <ClInclude Include="Source SDK\server\hl2mp\hl2mp_player.h">
      <Filter>Header Files\Source SDK\server\hl2mp</Filter>
    </ClInclude>
    <ClInclude Include="Source SDK\hl2mp\hl2mp_player_shared.h">
      <Filter>Header Files\Source SDK\hl2mp</Filter>
    </ClInclude>
    <ClInclude Include="Source SDK\hl2mp\hl2mp_gamerules.h">
      <Filter>Header Files\Source SDK\hl2mp</Filter>
    </ClInclude>
    <ClInclude Include="Source SDK\gamerules.h">
      <Filter>Header Files\Source SDK</Filter>
    </ClInclude>
    <ClInclude Include="Source SDK\recipientfilter.h">
      <Filter>Header Files\Source SDK</Filter>
    </ClInclude>
    <ClInclude Include="Source SDK\gamerules_register.h">
      <Filter>Header Files\Source SDK</Filter>
    </ClInclude>
    <ClInclude Include="Source SDK\baseentity_shared.h">
      <Filter>Header Files\Source SDK</Filter>
    </ClInclude>
    <ClInclude Include="Source SDK\teamplay_gamerules.h">
      <Filter>Header Files\Source SDK</Filter>
    </ClInclude>
    <ClInclude Include="Source SDK\multiplay_gamerules.h">
      <Filter>Header Files\Source SDK</Filter>
    </ClInclude>
    <ClInclude Include="Source SDK\gamevars_shared.h">
      <Filter>Header Files\Source SDK</Filter>
    </ClInclude>
    <ClInclude Include="Source SDK\server\gmod\gmodplayer.h">
      <Filter>Header Files\Source SDK\server\gmod</Filter>
    </ClInclude>
    <ClInclude Include="Source SDK\basecombatweapon_shared.h">
      <Filter>Header Files\Source SDK</Filter>
    </ClInclude>
    <ClInclude Include="Source SDK\vphysics_interface.h">
      <Filter>Header Files\Source SDK</Filter>
    </ClInclude>
    <ClInclude Include="Source SDK\predictable_entity.h">
      <Filter>Header Files\Source SDK</Filter>
    </ClInclude>
    <ClInclude Include="Source SDK\predictioncopy.h">
      <Filter>Header Files\Source SDK</Filter>
    </ClInclude>
    <ClInclude Include="Source SDK\shared_classnames.h">
      <Filter>Header Files\Source SDK</Filter>
    </ClInclude>
    <ClInclude Include="Source SDK\weapon_parse.h">
      <Filter>Header Files\Source SDK</Filter>
    </ClInclude>
    <ClInclude Include="Source SDK\baseviewmodel_shared.h">
      <Filter>Header Files\Source SDK</Filter>
    </ClInclude>
    <ClInclude Include="Source SDK\baseplayer_shared.h">
      <Filter>Header Files\Source SDK</Filter>
    </ClInclude>
    <ClInclude Include="Source SDK\econ\ihasowner.h">
      <Filter>Header Files\Source SDK\econ</Filter>
    </ClInclude>
    <ClInclude Include="Source SDK\hl2mp\hl2mp_weapon_parse.h">
      <Filter>Header Files\Source SDK</Filter>
    </ClInclude>
    <ClInclude Include="Source SDK\hl2mp\weapon_hl2mpbase.h">
      <Filter>Header Files\Source SDK\hl2mp</Filter>
    </ClInclude>
    <ClInclude Include="Source SDK\hl2mp\weapon_hl2mpbasehlmpcombatweapon.h">
      <Filter>Header Files\Source SDK\hl2mp</Filter>
    </ClInclude>
    <ClInclude Include="Source SDK\server\gmod\weaponswep.h">
      <Filter>Header Files\Source SDK\server\gmod</Filter>
    </ClInclude>
    <ClInclude Include="Source SDK\server\gmod\sentanim.h">
      <Filter>Header Files\Source SDK\server\gmod</Filter>
    </ClInclude>
    <ClInclude Include="include\baseinclude.h">
      <Filter>Header Files</Filter>
    </ClInclude>
    <ClInclude Include="include.h">
      <Filter>Header Files</Filter>
    </ClInclude>
    <ClInclude Include="Source SDK\toolframework\itoolentity.h">
      <Filter>Header Files\Source SDK\toolframework</Filter>
    </ClInclude>
    <ClInclude Include="Source SDK\engine\ishadowmgr.h">
      <Filter>Header Files\Source SDK\engine</Filter>
    </ClInclude>
    <ClInclude Include="Source SDK\iclientrenderable.h">
      <Filter>Header Files\Source SDK</Filter>
    </ClInclude>
    <ClInclude Include="Source SDK\filesystem.h">
      <Filter>Header Files\Source SDK</Filter>
    </ClInclude>
    <ClInclude Include="Source SDK\tier0\mem.h">
      <Filter>Header Files\Source SDK\tier0</Filter>
    </ClInclude>
    <ClInclude Include="Source SDK\tier1\refcount.h">
      <Filter>Header Files\Source SDK\tier1</Filter>
    </ClInclude>
    <ClInclude Include="Source SDK\filesystem_passthru.h">
      <Filter>Header Files\Source SDK</Filter>
    </ClInclude>
    <ClInclude Include="Source SDK\vstdlib\IKeyValuesSystem.h">
      <Filter>Header Files\Source SDK\vstdlib</Filter>
    </ClInclude>
    <ClInclude Include="Source SDK\vstdlib\vstdlib.h">
      <Filter>Header Files\Source SDK\vstdlib</Filter>
    </ClInclude>
    <ClInclude Include="Source SDK\tier1\utlbuffer.h">
      <Filter>Header Files\Source SDK\tier1</Filter>
    </ClInclude>
    <ClInclude Include="Source SDK\tier1\byteswap.h">
      <Filter>Header Files\Source SDK\tier1</Filter>
    </ClInclude>
    <ClInclude Include="Source SDK\tier1\characterset.h">
      <Filter>Header Files\Source SDK\tier1</Filter>
    </ClInclude>
    <ClInclude Include="Source SDK\tier1\UtlSortVector.h">
      <Filter>Header Files\Source SDK\tier1</Filter>
    </ClInclude>
    <ClInclude Include="Source SDK\tier1\tier1.h">
      <Filter>Header Files\Source SDK\tier1</Filter>
    </ClInclude>
    <ClInclude Include="Source SDK\vstdlib\iprocessutils.h">
      <Filter>Header Files\Source SDK\vstdlib</Filter>
    </ClInclude>
    <ClInclude Include="Source SDK\tier1\convar_serverbounded.h">
      <Filter>Header Files\Source SDK\tier1</Filter>
    </ClInclude>
    <ClInclude Include="Garry%27s Mod\CGMODRules.h">
      <Filter>Header Files\Garry%27s Mod</Filter>
    </ClInclude>
    <ClInclude Include="Garry%27s Mod\GLUA\LuaObject\CLuaGameObject.h">
      <Filter>Header Files\Garry%27s Mod\GLUA\LuaObject</Filter>
    </ClInclude>
    <ClInclude Include="Garry%27s Mod\GLUA\LuaObject\CLuaObject.h">
      <Filter>Header Files\Garry%27s Mod\GLUA\LuaObject</Filter>
    </ClInclude>
    <ClInclude Include="Garry%27s Mod\GLUA\LuaObject\ILuaObject.h">
      <Filter>Header Files\Garry%27s Mod\GLUA\LuaObject</Filter>
    </ClInclude>
    <ClInclude Include="Garry%27s Mod\GLUA\CGMODDataTable.h">
      <Filter>Header Files\Garry%27s Mod\GLUA</Filter>
    </ClInclude>
    <ClInclude Include="Garry%27s Mod\GLUA\CScriptedEntity.h">
      <Filter>Header Files\Garry%27s Mod\GLUA</Filter>
    </ClInclude>
    <ClInclude Include="Garry%27s Mod\GLUA\IGMODDataTable.h">
      <Filter>Header Files\Garry%27s Mod\GLUA</Filter>
    </ClInclude>
    <ClInclude Include="Garry%27s Mod\GLUA\IScriptedEntity.h">
      <Filter>Header Files\Garry%27s Mod\GLUA</Filter>
    </ClInclude>
    <ClInclude Include="Garry%27s Mod\GLUA\LuaNetworkedVars.h">
      <Filter>Header Files\Garry%27s Mod\GLUA</Filter>
    </ClInclude>
    <ClInclude Include="Garry%27s Mod\LUA\ILuaShared.h">
      <Filter>Header Files\Garry%27s Mod\LUA</Filter>
    </ClInclude>
    <ClInclude Include="Garry%27s Mod\LUA\LuaBase.h">
      <Filter>Header Files\Garry%27s Mod\LUA</Filter>
    </ClInclude>
    <ClInclude Include="Garry%27s Mod\LUA\LuaInterface.h">
      <Filter>Header Files\Garry%27s Mod\LUA</Filter>
    </ClInclude>
    <ClInclude Include="Garry%27s Mod\LUA\LuaTypes.h">
      <Filter>Header Files\Garry%27s Mod\LUA</Filter>
    </ClInclude>
    <ClInclude Include="Garry%27s Mod\LUA\LuaUserData.h">
      <Filter>Header Files\Garry%27s Mod\LUA</Filter>
    </ClInclude>
    <ClInclude Include="Source SDK\inetchannel.h">
      <Filter>Header Files\Source SDK</Filter>
    </ClInclude>
    <ClInclude Include="Source SDK\engine\net_chan.h">
      <Filter>Header Files\Source SDK\engine</Filter>
    </ClInclude>
    <ClInclude Include="Source SDK\engine\net.h">
      <Filter>Header Files\Source SDK\engine</Filter>
    </ClInclude>
    <ClInclude Include="Source SDK\engine\common.h">
      <Filter>Header Files\Source SDK\engine</Filter>
    </ClInclude>
    <ClInclude Include="Source SDK\qlimits.h">
      <Filter>Header Files\Source SDK</Filter>
    </ClInclude>
    <ClInclude Include="Source SDK\tier1\netadr.h">
      <Filter>Header Files\Source SDK\tier1</Filter>
    </ClInclude>
    <ClInclude Include="Source SDK\inetmessage.h">
      <Filter>Header Files\Source SDK</Filter>
    </ClInclude>
    <ClInclude Include="Garry%27s Mod\Networking\ServerToClient.h">
      <Filter>Header Files\Garry%27s Mod\Networking</Filter>
    </ClInclude>
    <ClInclude Include="Source SDK\engine\baseserver.h">
      <Filter>Header Files\Source SDK\engine</Filter>
    </ClInclude>
    <ClInclude Include="Source SDK\iserver.h">
      <Filter>Header Files\Source SDK</Filter>
    </ClInclude>
    <ClInclude Include="Source SDK\inetmsghandler.h">
      <Filter>Header Files\Source SDK</Filter>
    </ClInclude>
    <ClInclude Include="Source SDK\netmessages.h">
      <Filter>Header Files\Source SDK</Filter>
    </ClInclude>
    <ClInclude Include="Source SDK\protocol.h">
      <Filter>Header Files\Source SDK</Filter>
    </ClInclude>
    <ClInclude Include="Source SDK\igameevents.h">
      <Filter>Header Files\Source SDK</Filter>
    </ClInclude>
    <ClInclude Include="Source SDK\proto_version.h">
      <Filter>Header Files\Source SDK</Filter>
    </ClInclude>
    <ClInclude Include="Source SDK\xbox\xboxstubs.h">
      <Filter>Header Files\Source SDK\xbox</Filter>
    </ClInclude>
    <ClInclude Include="Source SDK\engine\event_system.h">
      <Filter>Header Files\Source SDK\engine</Filter>
    </ClInclude>
    <ClInclude Include="Source SDK\event_flags.h">
      <Filter>Header Files\Source SDK</Filter>
    </ClInclude>
    <ClInclude Include="Source SDK\engine\enginesingleuserfilter.h">
      <Filter>Header Files\Source SDK\engine</Filter>
    </ClInclude>
    <ClInclude Include="Source SDK\steam\isteammasterserverupdater.h">
      <Filter>Header Files\Source SDK\steam</Filter>
    </ClInclude>
    <ClInclude Include="Source SDK\steam\isteamclient.h">
      <Filter>Header Files\Source SDK\steam</Filter>
    </ClInclude>
    <ClInclude Include="Source SDK\steam\steamtypes.h">
      <Filter>Header Files\Source SDK\steam</Filter>
    </ClInclude>
    <ClInclude Include="Source SDK\steam\steamclientpublic.h">
      <Filter>Header Files\Source SDK\steam</Filter>
    </ClInclude>
    <ClInclude Include="Source SDK\engine\baseclient.h">
      <Filter>Header Files\Source SDK\engine</Filter>
    </ClInclude>
    <ClInclude Include="Source SDK\tier1\smartptr.h">
      <Filter>Header Files\Source SDK\tier1</Filter>
    </ClInclude>
    <ClInclude Include="Source SDK\userid.h">
      <Filter>Header Files\Source SDK</Filter>
    </ClInclude>
    <ClInclude Include="Source SDK\SteamCommon.h">
      <Filter>Header Files\Source SDK</Filter>
    </ClInclude>
    <ClInclude Include="Source SDK\iclient.h">
      <Filter>Header Files\Source SDK</Filter>
    </ClInclude>
    <ClInclude Include="Source SDK\engine\sv_client.h">
      <Filter>Header Files\Source SDK\engine</Filter>
    </ClInclude>
    <ClInclude Include="Source SDK\engine\clientframe.h">
      <Filter>Header Files\Source SDK\engine</Filter>
    </ClInclude>
    <ClInclude Include="Source SDK\tier1\mempool.h">
      <Filter>Header Files\Source SDK\tier1</Filter>
    </ClInclude>
    <ClInclude Include="Source SDK\tier0\tslist.h">
      <Filter>Header Files\Source SDK\tier0</Filter>
    </ClInclude>
    <ClInclude Include="Source SDK\soundinfo.h">
      <Filter>Header Files\Source SDK</Filter>
    </ClInclude>
    <ClInclude Include="Source SDK\engine\server.h">
      <Filter>Header Files\Source SDK\engine</Filter>
    </ClInclude>
    <ClInclude Include="Source SDK\engine\packed_entity.h">
      <Filter>Header Files\Source SDK\engine</Filter>
    </ClInclude>
    <ClInclude Include="Source SDK\engine\quakedef.h">
      <Filter>Header Files\Source SDK\engine</Filter>
    </ClInclude>
    <ClInclude Include="Source SDK\engine\precache.h">
      <Filter>Header Files\Source SDK\engine</Filter>
    </ClInclude>
    <ClInclude Include="Source SDK\ihltvdirector.h">
      <Filter>Header Files\Source SDK</Filter>
    </ClInclude>
    <ClInclude Include="Garry%27s Mod\Networking\ClientToServer.h">
      <Filter>Header Files\Garry%27s Mod\Networking</Filter>
    </ClInclude>
  </ItemGroup>
</Project>